Microsoft Visual Studio Solution File, Format Version 12.00
# Visual Studio Version 16
VisualStudioVersion = 16.0.30011.22
MinimumVisualStudioVersion = 10.0.40219.1
Project("{9A19103F-16F7-4668-BE54-9A1E7A4F7556}") = "WellDevCore", "WellDevCore\WellDevCore.csproj", "{CA1C100A-1BCE-4743-9D43-4BD4153E792C}"
EndProject
Project("{9A19103F-16F7-4668-BE54-9A1E7A4F7556}") = "PSW_Web_app", "PSW_Web_app\PSW_Web_app.csproj", "{95FFFA54-4D60-4D5A-A59F-D980E48A94B3}"
EndProject
Project("{9A19103F-16F7-4668-BE54-9A1E7A4F7556}") = "PSW_Wpf_app", "PSW_Wpf_app\PSW_Wpf_app.csproj", "{12D04F2A-8928-4F8F-BA16-D8AA6B36091A}"
EndProject
Project("{9A19103F-16F7-4668-BE54-9A1E7A4F7556}") = "PSW_Wpf_Patient", "PSW_Wpf_Patient\PSW_Wpf_Patient.csproj", "{0386ED29-4DD9-43D2-88D8-5766FADA02B9}"
EndProject
Project("{9A19103F-16F7-4668-BE54-9A1E7A4F7556}") = "PSW_Wpf_director", "PSW_Wpf_director\PSW_Wpf_director.csproj", "{22CD339C-4BFD-4045-A282-590000FD2189}"
EndProject
Project("{9A19103F-16F7-4668-BE54-9A1E7A4F7556}") = "PSW_Wpf_doctor", "PSW_Wpf_doctor\PSW_Wpf_doctor.csproj", "{9A1E0036-34AA-491C-AE4D-66B47D864A83}"
EndProject
Project("{9A19103F-16F7-4668-BE54-9A1E7A4F7556}") = "PSW_Pharmacy_Adapter", "PSW_Pharmacy_Adapter\PSW_Pharmacy_Adapter.csproj", "{595DB4D3-3EA3-496D-9361-E16B4C6A8CE0}"
EndProject
Project("{9A19103F-16F7-4668-BE54-9A1E7A4F7556}") = "InterlayerController", "InterlayerController\InterlayerController.csproj", "{CC215C64-17EA-4AD8-96E5-9EEF44C6B153}"
EndProject
Project("{9A19103F-16F7-4668-BE54-9A1E7A4F7556}") = "IntegrationTests", "IntegrationTests\IntegrationTests.csproj", "{C95DB488-42C9-425C-B2B6-56F3724662DB}"
EndProject
Project("{9A19103F-16F7-4668-BE54-9A1E7A4F7556}") = "UnitTests", "UnitTests\UnitTests.csproj", "{6C43663C-A3BA-4FDA-9B26-F3114D85C5B2}"
EndProject
Project("{9A19103F-16F7-4668-BE54-9A1E7A4F7556}") = "PSW_Wpf_secretary", "PSW_Wpf_secretary\UserInterface\PSW_Wpf_secretary.csproj", "{48804A4B-9532-4866-873C-636CD3EB3D69}"
EndProject
Project("{9A19103F-16F7-4668-BE54-9A1E7A4F7556}") = "EndToEndTests", "EndToEndTests\EndToEndTests.csproj", "{06BCBC1A-1E8D-4936-AD94-C6CF56FD665E}"
EndProject
Project("{9A19103F-16F7-4668-BE54-9A1E7A4F7556}") = "UserInteraction_Microservice", "UserInteraction_Microservice\UserInteraction_Microservice.csproj", "{788AB5B8-1A7E-49D2-AABB-474DD2E1080F}"
EndProject
Project("{9A19103F-16F7-4668-BE54-9A1E7A4F7556}") = "UserInteraction_Interlayer", "UserInteraction_Interlayer\UserInteraction_Interlayer.csproj", "{EBF39BAF-D54B-49D2-AB19-0C9FB4960FAA}"
EndProject
Project("{9A19103F-16F7-4668-BE54-9A1E7A4F7556}") = "EventSourcing", "EventSourcing\EventSourcing.csproj", "{EBC69423-052E-4042-AB95-871CE2B36DAF}"
EndProject
Project("{FAE04EC0-301F-11D3-BF4B-00C04F79EFBC}") = "RoomManipulation_Microservice", "RoomManipulation_Microservice\RoomManipulation_Microservice.csproj", "{A076C7A4-9CFB-4CB3-9A2C-5EBEEDFD0700}"
EndProject
Global
	GlobalSection(SolutionConfigurationPlatforms) = preSolution
		Debug|Any CPU = Debug|Any CPU
		Debug|x86 = Debug|x86
		Release|Any CPU = Release|Any CPU
		Release|x86 = Release|x86
	EndGlobalSection
	GlobalSection(ProjectConfigurationPlatforms) = postSolution
		{CA1C100A-1BCE-4743-9D43-4BD4153E792C}.Debug|Any CPU.ActiveCfg = Debug|Any CPU
		{CA1C100A-1BCE-4743-9D43-4BD4153E792C}.Debug|Any CPU.Build.0 = Debug|Any CPU
		{CA1C100A-1BCE-4743-9D43-4BD4153E792C}.Debug|x86.ActiveCfg = Debug|x86
		{CA1C100A-1BCE-4743-9D43-4BD4153E792C}.Debug|x86.Build.0 = Debug|x86
		{CA1C100A-1BCE-4743-9D43-4BD4153E792C}.Release|Any CPU.ActiveCfg = Release|Any CPU
		{CA1C100A-1BCE-4743-9D43-4BD4153E792C}.Release|Any CPU.Build.0 = Release|Any CPU
		{CA1C100A-1BCE-4743-9D43-4BD4153E792C}.Release|x86.ActiveCfg = Release|x86
		{CA1C100A-1BCE-4743-9D43-4BD4153E792C}.Release|x86.Build.0 = Release|x86
		{95FFFA54-4D60-4D5A-A59F-D980E48A94B3}.Debug|Any CPU.ActiveCfg = Debug|Any CPU
		{95FFFA54-4D60-4D5A-A59F-D980E48A94B3}.Debug|Any CPU.Build.0 = Debug|Any CPU
		{95FFFA54-4D60-4D5A-A59F-D980E48A94B3}.Debug|x86.ActiveCfg = Debug|x86
		{95FFFA54-4D60-4D5A-A59F-D980E48A94B3}.Debug|x86.Build.0 = Debug|x86
		{95FFFA54-4D60-4D5A-A59F-D980E48A94B3}.Release|Any CPU.ActiveCfg = Release|Any CPU
		{95FFFA54-4D60-4D5A-A59F-D980E48A94B3}.Release|Any CPU.Build.0 = Release|Any CPU
		{95FFFA54-4D60-4D5A-A59F-D980E48A94B3}.Release|x86.ActiveCfg = Release|x86
		{95FFFA54-4D60-4D5A-A59F-D980E48A94B3}.Release|x86.Build.0 = Release|x86
		{12D04F2A-8928-4F8F-BA16-D8AA6B36091A}.Debug|Any CPU.ActiveCfg = Debug|Any CPU
		{12D04F2A-8928-4F8F-BA16-D8AA6B36091A}.Debug|Any CPU.Build.0 = Debug|Any CPU
		{12D04F2A-8928-4F8F-BA16-D8AA6B36091A}.Debug|x86.ActiveCfg = Debug|x86
		{12D04F2A-8928-4F8F-BA16-D8AA6B36091A}.Debug|x86.Build.0 = Debug|x86
		{12D04F2A-8928-4F8F-BA16-D8AA6B36091A}.Release|Any CPU.ActiveCfg = Release|Any CPU
		{12D04F2A-8928-4F8F-BA16-D8AA6B36091A}.Release|Any CPU.Build.0 = Release|Any CPU
		{12D04F2A-8928-4F8F-BA16-D8AA6B36091A}.Release|x86.ActiveCfg = Release|x86
		{12D04F2A-8928-4F8F-BA16-D8AA6B36091A}.Release|x86.Build.0 = Release|x86
		{0386ED29-4DD9-43D2-88D8-5766FADA02B9}.Debug|Any CPU.ActiveCfg = Debug|Any CPU
		{0386ED29-4DD9-43D2-88D8-5766FADA02B9}.Debug|Any CPU.Build.0 = Debug|Any CPU
		{0386ED29-4DD9-43D2-88D8-5766FADA02B9}.Debug|x86.ActiveCfg = Debug|Any CPU
		{0386ED29-4DD9-43D2-88D8-5766FADA02B9}.Debug|x86.Build.0 = Debug|Any CPU
		{0386ED29-4DD9-43D2-88D8-5766FADA02B9}.Release|Any CPU.ActiveCfg = Release|Any CPU
		{0386ED29-4DD9-43D2-88D8-5766FADA02B9}.Release|Any CPU.Build.0 = Release|Any CPU
		{0386ED29-4DD9-43D2-88D8-5766FADA02B9}.Release|x86.ActiveCfg = Release|Any CPU
		{0386ED29-4DD9-43D2-88D8-5766FADA02B9}.Release|x86.Build.0 = Release|Any CPU
		{22CD339C-4BFD-4045-A282-590000FD2189}.Debug|Any CPU.ActiveCfg = Debug|Any CPU
		{22CD339C-4BFD-4045-A282-590000FD2189}.Debug|Any CPU.Build.0 = Debug|Any CPU
		{22CD339C-4BFD-4045-A282-590000FD2189}.Debug|x86.ActiveCfg = Debug|Any CPU
		{22CD339C-4BFD-4045-A282-590000FD2189}.Debug|x86.Build.0 = Debug|Any CPU
		{22CD339C-4BFD-4045-A282-590000FD2189}.Release|Any CPU.ActiveCfg = Release|Any CPU
		{22CD339C-4BFD-4045-A282-590000FD2189}.Release|Any CPU.Build.0 = Release|Any CPU
		{22CD339C-4BFD-4045-A282-590000FD2189}.Release|x86.ActiveCfg = Release|Any CPU
		{22CD339C-4BFD-4045-A282-590000FD2189}.Release|x86.Build.0 = Release|Any CPU
		{9A1E0036-34AA-491C-AE4D-66B47D864A83}.Debug|Any CPU.ActiveCfg = Debug|Any CPU
		{9A1E0036-34AA-491C-AE4D-66B47D864A83}.Debug|Any CPU.Build.0 = Debug|Any CPU
		{9A1E0036-34AA-491C-AE4D-66B47D864A83}.Debug|x86.ActiveCfg = Debug|Any CPU
		{9A1E0036-34AA-491C-AE4D-66B47D864A83}.Debug|x86.Build.0 = Debug|Any CPU
		{9A1E0036-34AA-491C-AE4D-66B47D864A83}.Release|Any CPU.ActiveCfg = Release|Any CPU
		{9A1E0036-34AA-491C-AE4D-66B47D864A83}.Release|Any CPU.Build.0 = Release|Any CPU
		{9A1E0036-34AA-491C-AE4D-66B47D864A83}.Release|x86.ActiveCfg = Release|Any CPU
		{9A1E0036-34AA-491C-AE4D-66B47D864A83}.Release|x86.Build.0 = Release|Any CPU
		{595DB4D3-3EA3-496D-9361-E16B4C6A8CE0}.Debug|Any CPU.ActiveCfg = Debug|Any CPU
		{595DB4D3-3EA3-496D-9361-E16B4C6A8CE0}.Debug|Any CPU.Build.0 = Debug|Any CPU
		{595DB4D3-3EA3-496D-9361-E16B4C6A8CE0}.Debug|x86.ActiveCfg = Debug|Any CPU
		{595DB4D3-3EA3-496D-9361-E16B4C6A8CE0}.Debug|x86.Build.0 = Debug|Any CPU
		{595DB4D3-3EA3-496D-9361-E16B4C6A8CE0}.Release|Any CPU.ActiveCfg = Release|Any CPU
		{595DB4D3-3EA3-496D-9361-E16B4C6A8CE0}.Release|Any CPU.Build.0 = Release|Any CPU
		{595DB4D3-3EA3-496D-9361-E16B4C6A8CE0}.Release|x86.ActiveCfg = Release|Any CPU
		{595DB4D3-3EA3-496D-9361-E16B4C6A8CE0}.Release|x86.Build.0 = Release|Any CPU
		{CC215C64-17EA-4AD8-96E5-9EEF44C6B153}.Debug|Any CPU.ActiveCfg = Debug|Any CPU
		{CC215C64-17EA-4AD8-96E5-9EEF44C6B153}.Debug|Any CPU.Build.0 = Debug|Any CPU
		{CC215C64-17EA-4AD8-96E5-9EEF44C6B153}.Debug|x86.ActiveCfg = Debug|Any CPU
		{CC215C64-17EA-4AD8-96E5-9EEF44C6B153}.Debug|x86.Build.0 = Debug|Any CPU
		{CC215C64-17EA-4AD8-96E5-9EEF44C6B153}.Release|Any CPU.ActiveCfg = Release|Any CPU
		{CC215C64-17EA-4AD8-96E5-9EEF44C6B153}.Release|Any CPU.Build.0 = Release|Any CPU
		{CC215C64-17EA-4AD8-96E5-9EEF44C6B153}.Release|x86.ActiveCfg = Release|Any CPU
		{CC215C64-17EA-4AD8-96E5-9EEF44C6B153}.Release|x86.Build.0 = Release|Any CPU
		{C95DB488-42C9-425C-B2B6-56F3724662DB}.Debug|Any CPU.ActiveCfg = Debug|Any CPU
		{C95DB488-42C9-425C-B2B6-56F3724662DB}.Debug|Any CPU.Build.0 = Debug|Any CPU
		{C95DB488-42C9-425C-B2B6-56F3724662DB}.Debug|x86.ActiveCfg = Debug|Any CPU
		{C95DB488-42C9-425C-B2B6-56F3724662DB}.Debug|x86.Build.0 = Debug|Any CPU
		{C95DB488-42C9-425C-B2B6-56F3724662DB}.Release|Any CPU.ActiveCfg = Release|Any CPU
		{C95DB488-42C9-425C-B2B6-56F3724662DB}.Release|Any CPU.Build.0 = Release|Any CPU
		{C95DB488-42C9-425C-B2B6-56F3724662DB}.Release|x86.ActiveCfg = Release|Any CPU
		{C95DB488-42C9-425C-B2B6-56F3724662DB}.Release|x86.Build.0 = Release|Any CPU
		{6C43663C-A3BA-4FDA-9B26-F3114D85C5B2}.Debug|Any CPU.ActiveCfg = Debug|Any CPU
		{6C43663C-A3BA-4FDA-9B26-F3114D85C5B2}.Debug|Any CPU.Build.0 = Debug|Any CPU
		{6C43663C-A3BA-4FDA-9B26-F3114D85C5B2}.Debug|x86.ActiveCfg = Debug|Any CPU
		{6C43663C-A3BA-4FDA-9B26-F3114D85C5B2}.Debug|x86.Build.0 = Debug|Any CPU
		{6C43663C-A3BA-4FDA-9B26-F3114D85C5B2}.Release|Any CPU.ActiveCfg = Release|Any CPU
		{6C43663C-A3BA-4FDA-9B26-F3114D85C5B2}.Release|Any CPU.Build.0 = Release|Any CPU
		{6C43663C-A3BA-4FDA-9B26-F3114D85C5B2}.Release|x86.ActiveCfg = Release|Any CPU
		{6C43663C-A3BA-4FDA-9B26-F3114D85C5B2}.Release|x86.Build.0 = Release|Any CPU
		{48804A4B-9532-4866-873C-636CD3EB3D69}.Debug|Any CPU.ActiveCfg = Debug|Any CPU
		{48804A4B-9532-4866-873C-636CD3EB3D69}.Debug|Any CPU.Build.0 = Debug|Any CPU
		{48804A4B-9532-4866-873C-636CD3EB3D69}.Debug|x86.ActiveCfg = Debug|Any CPU
		{48804A4B-9532-4866-873C-636CD3EB3D69}.Debug|x86.Build.0 = Debug|Any CPU
		{48804A4B-9532-4866-873C-636CD3EB3D69}.Release|Any CPU.ActiveCfg = Release|Any CPU
		{48804A4B-9532-4866-873C-636CD3EB3D69}.Release|Any CPU.Build.0 = Release|Any CPU
		{48804A4B-9532-4866-873C-636CD3EB3D69}.Release|x86.ActiveCfg = Release|Any CPU
		{48804A4B-9532-4866-873C-636CD3EB3D69}.Release|x86.Build.0 = Release|Any CPU
		{06BCBC1A-1E8D-4936-AD94-C6CF56FD665E}.Debug|Any CPU.ActiveCfg = Debug|Any CPU
		{06BCBC1A-1E8D-4936-AD94-C6CF56FD665E}.Debug|Any CPU.Build.0 = Debug|Any CPU
		{06BCBC1A-1E8D-4936-AD94-C6CF56FD665E}.Debug|x86.ActiveCfg = Debug|Any CPU
		{06BCBC1A-1E8D-4936-AD94-C6CF56FD665E}.Debug|x86.Build.0 = Debug|Any CPU
		{06BCBC1A-1E8D-4936-AD94-C6CF56FD665E}.Release|Any CPU.ActiveCfg = Release|Any CPU
		{06BCBC1A-1E8D-4936-AD94-C6CF56FD665E}.Release|Any CPU.Build.0 = Release|Any CPU
		{06BCBC1A-1E8D-4936-AD94-C6CF56FD665E}.Release|x86.ActiveCfg = Release|Any CPU
		{06BCBC1A-1E8D-4936-AD94-C6CF56FD665E}.Release|x86.Build.0 = Release|Any CPU
		{788AB5B8-1A7E-49D2-AABB-474DD2E1080F}.Debug|Any CPU.ActiveCfg = Debug|Any CPU
		{788AB5B8-1A7E-49D2-AABB-474DD2E1080F}.Debug|Any CPU.Build.0 = Debug|Any CPU
		{788AB5B8-1A7E-49D2-AABB-474DD2E1080F}.Debug|x86.ActiveCfg = Debug|Any CPU
		{788AB5B8-1A7E-49D2-AABB-474DD2E1080F}.Debug|x86.Build.0 = Debug|Any CPU
		{788AB5B8-1A7E-49D2-AABB-474DD2E1080F}.Release|Any CPU.ActiveCfg = Release|Any CPU
		{788AB5B8-1A7E-49D2-AABB-474DD2E1080F}.Release|Any CPU.Build.0 = Release|Any CPU
		{788AB5B8-1A7E-49D2-AABB-474DD2E1080F}.Release|x86.ActiveCfg = Release|Any CPU
		{788AB5B8-1A7E-49D2-AABB-474DD2E1080F}.Release|x86.Build.0 = Release|Any CPU
		{EBF39BAF-D54B-49D2-AB19-0C9FB4960FAA}.Debug|Any CPU.ActiveCfg = Debug|Any CPU
		{EBF39BAF-D54B-49D2-AB19-0C9FB4960FAA}.Debug|Any CPU.Build.0 = Debug|Any CPU
		{EBF39BAF-D54B-49D2-AB19-0C9FB4960FAA}.Debug|x86.ActiveCfg = Debug|Any CPU
		{EBF39BAF-D54B-49D2-AB19-0C9FB4960FAA}.Debug|x86.Build.0 = Debug|Any CPU
		{EBF39BAF-D54B-49D2-AB19-0C9FB4960FAA}.Release|Any CPU.ActiveCfg = Release|Any CPU
		{EBF39BAF-D54B-49D2-AB19-0C9FB4960FAA}.Release|Any CPU.Build.0 = Release|Any CPU
		{EBF39BAF-D54B-49D2-AB19-0C9FB4960FAA}.Release|x86.ActiveCfg = Release|Any CPU
		{EBF39BAF-D54B-49D2-AB19-0C9FB4960FAA}.Release|x86.Build.0 = Release|Any CPU
		{EBC69423-052E-4042-AB95-871CE2B36DAF}.Debug|Any CPU.ActiveCfg = Debug|Any CPU
		{EBC69423-052E-4042-AB95-871CE2B36DAF}.Debug|Any CPU.Build.0 = Debug|Any CPU
		{EBC69423-052E-4042-AB95-871CE2B36DAF}.Debug|x86.ActiveCfg = Debug|Any CPU
		{EBC69423-052E-4042-AB95-871CE2B36DAF}.Debug|x86.Build.0 = Debug|Any CPU
		{EBC69423-052E-4042-AB95-871CE2B36DAF}.Release|Any CPU.ActiveCfg = Release|Any CPU
		{EBC69423-052E-4042-AB95-871CE2B36DAF}.Release|Any CPU.Build.0 = Release|Any CPU
		{EBC69423-052E-4042-AB95-871CE2B36DAF}.Release|x86.ActiveCfg = Release|Any CPU
		{EBC69423-052E-4042-AB95-871CE2B36DAF}.Release|x86.Build.0 = Release|Any CPU
		{A076C7A4-9CFB-4CB3-9A2C-5EBEEDFD0700}.Debug|Any CPU.ActiveCfg = Debug|Any CPU
		{A076C7A4-9CFB-4CB3-9A2C-5EBEEDFD0700}.Debug|Any CPU.Build.0 = Debug|Any CPU
		{A076C7A4-9CFB-4CB3-9A2C-5EBEEDFD0700}.Debug|x86.ActiveCfg = Debug|Any CPU
		{A076C7A4-9CFB-4CB3-9A2C-5EBEEDFD0700}.Debug|x86.Build.0 = Debug|Any CPU
		{A076C7A4-9CFB-4CB3-9A2C-5EBEEDFD0700}.Release|Any CPU.ActiveCfg = Release|Any CPU
		{A076C7A4-9CFB-4CB3-9A2C-5EBEEDFD0700}.Release|Any CPU.Build.0 = Release|Any CPU
		{A076C7A4-9CFB-4CB3-9A2C-5EBEEDFD0700}.Release|x86.ActiveCfg = Release|Any CPU
		{A076C7A4-9CFB-4CB3-9A2C-5EBEEDFD0700}.Release|x86.Build.0 = Release|Any CPU
	EndGlobalSection
	GlobalSection(SolutionProperties) = preSolution
		HideSolutionNode = FALSE
	EndGlobalSection
	GlobalSection(ExtensibilityGlobals) = postSolution
		SolutionGuid = {4BAF674D-5200-49F5-93D4-5BCB99C43B57}
	EndGlobalSection
EndGlobal
